
Microsoft Visual Studio Solution File, Format Version 12.00
# Visual Studio Version 17
VisualStudioVersion = 17.8.34525.116
MinimumVisualStudioVersion = 10.0.40219.1
Project("{FAE04EC0-301F-11D3-BF4B-00C04F79EFBC}") = "ShoppingListApp", "ShoppingListApp.csproj", "{003A14A7-5274-43AF-947F-CBFB9C60A69A}"
EndProject
Global
	GlobalSection(SolutionConfigurationPlatforms) = preSolution
		Debug|Any CPU = Debug|Any CPU
		Release|Any CPU = Release|Any CPU
	EndGlobalSection
	GlobalSection(ProjectConfigurationPlatforms) = postSolution
		{003A14A7-5274-43AF-947F-CBFB9C60A69A}.Debug|Any CPU.ActiveCfg = Debug|Any CPU
		{003A14A7-5274-43AF-947F-CBFB9C60A69A}.Debug|Any CPU.Build.0 = Debug|Any CPU
		{003A14A7-5274-43AF-947F-CBFB9C60A69A}.Release|Any CPU.ActiveCfg = Release|Any CPU
		{003A14A7-5274-43AF-947F-CBFB9C60A69A}.Release|Any CPU.Build.0 = Release|Any CPU
	EndGlobalSection
	GlobalSection(SolutionProperties) = preSolution
		HideSolutionNode = FALSE
	EndGlobalSection
	GlobalSection(ExtensibilityGlobals) = postSolution
		SolutionGuid = {4235B219-4F35-40A7-889B-F810A9C7F48C}
	EndGlobalSection
EndGlobal
