
Microsoft Visual Studio Solution File, Format Version 12.00
# Visual Studio Version 17
VisualStudioVersion = 17.7.34221.43
MinimumVisualStudioVersion = 10.0.40219.1
Project("{FAE04EC0-301F-11D3-BF4B-00C04F79EFBC}") = "P01_StudentSystem", "P01_StudentSystem\P01_StudentSystem.csproj", "{14BB2CD6-5C99-463D-90B6-8A8522E30238}"
EndProject
Project("{FAE04EC0-301F-11D3-BF4B-00C04F79EFBC}") = "P01_StudentSystem.Data", "P01_StudentSystem.Data\P01_StudentSystem.Data.csproj", "{82F29D4D-D318-4A1C-A030-E68B0ABDF4D3}"
EndProject
Project("{FAE04EC0-301F-11D3-BF4B-00C04F79EFBC}") = "P01_StudentSystem.Data.Models", "P01_StudentSystem.Data.Models\P01_StudentSystem.Data.Models.csproj", "{9C157FB7-D593-4E93-85BB-F209AE20C359}"
EndProject
Global
	GlobalSection(SolutionConfigurationPlatforms) = preSolution
		Debug|Any CPU = Debug|Any CPU
		Release|Any CPU = Release|Any CPU
	EndGlobalSection
	GlobalSection(ProjectConfigurationPlatforms) = postSolution
		{14BB2CD6-5C99-463D-90B6-8A8522E30238}.Debug|Any CPU.ActiveCfg = Debug|Any CPU
		{14BB2CD6-5C99-463D-90B6-8A8522E30238}.Debug|Any CPU.Build.0 = Debug|Any CPU
		{14BB2CD6-5C99-463D-90B6-8A8522E30238}.Release|Any CPU.ActiveCfg = Release|Any CPU
		{14BB2CD6-5C99-463D-90B6-8A8522E30238}.Release|Any CPU.Build.0 = Release|Any CPU
		{82F29D4D-D318-4A1C-A030-E68B0ABDF4D3}.Debug|Any CPU.ActiveCfg = Debug|Any CPU
		{82F29D4D-D318-4A1C-A030-E68B0ABDF4D3}.Debug|Any CPU.Build.0 = Debug|Any CPU
		{82F29D4D-D318-4A1C-A030-E68B0ABDF4D3}.Release|Any CPU.ActiveCfg = Release|Any CPU
		{82F29D4D-D318-4A1C-A030-E68B0ABDF4D3}.Release|Any CPU.Build.0 = Release|Any CPU
		{9C157FB7-D593-4E93-85BB-F209AE20C359}.Debug|Any CPU.ActiveCfg = Debug|Any CPU
		{9C157FB7-D593-4E93-85BB-F209AE20C359}.Debug|Any CPU.Build.0 = Debug|Any CPU
		{9C157FB7-D593-4E93-85BB-F209AE20C359}.Release|Any CPU.ActiveCfg = Release|Any CPU
		{9C157FB7-D593-4E93-85BB-F209AE20C359}.Release|Any CPU.Build.0 = Release|Any CPU
	EndGlobalSection
	GlobalSection(SolutionProperties) = preSolution
		HideSolutionNode = FALSE
	EndGlobalSection
	GlobalSection(ExtensibilityGlobals) = postSolution
		SolutionGuid = {60EF1C82-3E19-4A6B-A1FB-FDF67BA4A948}
	EndGlobalSection
EndGlobal
