
Microsoft Visual Studio Solution File, Format Version 12.00
# Visual Studio Version 17
VisualStudioVersion = 17.8.34525.116
MinimumVisualStudioVersion = 10.0.40219.1
Project("{FAE04EC0-301F-11D3-BF4B-00C04F79EFBC}") = "ForumApp", "ForumApp.csproj", "{01CE6166-4883-4757-BC96-AE9C9EA36B60}"
EndProject
Global
	GlobalSection(SolutionConfigurationPlatforms) = preSolution
		Debug|Any CPU = Debug|Any CPU
		Release|Any CPU = Release|Any CPU
	EndGlobalSection
	GlobalSection(ProjectConfigurationPlatforms) = postSolution
		{01CE6166-4883-4757-BC96-AE9C9EA36B60}.Debug|Any CPU.ActiveCfg = Debug|Any CPU
		{01CE6166-4883-4757-BC96-AE9C9EA36B60}.Debug|Any CPU.Build.0 = Debug|Any CPU
		{01CE6166-4883-4757-BC96-AE9C9EA36B60}.Release|Any CPU.ActiveCfg = Release|Any CPU
		{01CE6166-4883-4757-BC96-AE9C9EA36B60}.Release|Any CPU.Build.0 = Release|Any CPU
	EndGlobalSection
	GlobalSection(SolutionProperties) = preSolution
		HideSolutionNode = FALSE
	EndGlobalSection
	GlobalSection(ExtensibilityGlobals) = postSolution
		SolutionGuid = {DA9035B9-384E-4942-A613-E2067CB02515}
	EndGlobalSection
EndGlobal
