
Microsoft Visual Studio Solution File, Format Version 12.00
# Visual Studio Version 17
VisualStudioVersion = 17.8.34330.188
MinimumVisualStudioVersion = 10.0.40219.1
Project("{FAE04EC0-301F-11D3-BF4B-00C04F79EFBC}") = "RazorPagesMovie", "RazorPagesMovie\RazorPagesMovie.csproj", "{0176ACD9-7953-4437-8F34-32C58F32B67B}"
EndProject
Global
	GlobalSection(SolutionConfigurationPlatforms) = preSolution
		Debug|Any CPU = Debug|Any CPU
		Release|Any CPU = Release|Any CPU
	EndGlobalSection
	GlobalSection(ProjectConfigurationPlatforms) = postSolution
		{0176ACD9-7953-4437-8F34-32C58F32B67B}.Debug|Any CPU.ActiveCfg = Debug|Any CPU
		{0176ACD9-7953-4437-8F34-32C58F32B67B}.Debug|Any CPU.Build.0 = Debug|Any CPU
		{0176ACD9-7953-4437-8F34-32C58F32B67B}.Release|Any CPU.ActiveCfg = Release|Any CPU
		{0176ACD9-7953-4437-8F34-32C58F32B67B}.Release|Any CPU.Build.0 = Release|Any CPU
	EndGlobalSection
	GlobalSection(SolutionProperties) = preSolution
		HideSolutionNode = FALSE
	EndGlobalSection
	GlobalSection(ExtensibilityGlobals) = postSolution
		SolutionGuid = {64A3A477-8298-4A09-A4DA-ABEE4FA98ACF}
	EndGlobalSection
EndGlobal
