
Microsoft Visual Studio Solution File, Format Version 12.00
# Visual Studio Version 17
VisualStudioVersion = 17.6.33712.159
MinimumVisualStudioVersion = 10.0.40219.1
Project("{9A19103F-16F7-4668-BE54-9A1E7A4F7556}") = "01.", "01\01..csproj", "{ABCB6500-001C-4CB3-983C-4480B5D73321}"
EndProject
Project("{9A19103F-16F7-4668-BE54-9A1E7A4F7556}") = "02.", "02\02..csproj", "{A82AA991-3CD9-40E9-831A-59922B13C608}"
EndProject
Global
	GlobalSection(SolutionConfigurationPlatforms) = preSolution
		Debug|Any CPU = Debug|Any CPU
		Release|Any CPU = Release|Any CPU
	EndGlobalSection
	GlobalSection(ProjectConfigurationPlatforms) = postSolution
		{ABCB6500-001C-4CB3-983C-4480B5D73321}.Debug|Any CPU.ActiveCfg = Debug|Any CPU
		{ABCB6500-001C-4CB3-983C-4480B5D73321}.Debug|Any CPU.Build.0 = Debug|Any CPU
		{ABCB6500-001C-4CB3-983C-4480B5D73321}.Release|Any CPU.ActiveCfg = Release|Any CPU
		{ABCB6500-001C-4CB3-983C-4480B5D73321}.Release|Any CPU.Build.0 = Release|Any CPU
		{A82AA991-3CD9-40E9-831A-59922B13C608}.Debug|Any CPU.ActiveCfg = Debug|Any CPU
		{A82AA991-3CD9-40E9-831A-59922B13C608}.Debug|Any CPU.Build.0 = Debug|Any CPU
		{A82AA991-3CD9-40E9-831A-59922B13C608}.Release|Any CPU.ActiveCfg = Release|Any CPU
		{A82AA991-3CD9-40E9-831A-59922B13C608}.Release|Any CPU.Build.0 = Release|Any CPU
	EndGlobalSection
	GlobalSection(SolutionProperties) = preSolution
		HideSolutionNode = FALSE
	EndGlobalSection
	GlobalSection(ExtensibilityGlobals) = postSolution
		SolutionGuid = {37369318-0819-41A1-93C2-9A4DBD84F388}
	EndGlobalSection
EndGlobal
