
Microsoft Visual Studio Solution File, Format Version 12.00
# Visual Studio Version 17
VisualStudioVersion = 17.6.33815.320
MinimumVisualStudioVersion = 10.0.40219.1
Project("{9A19103F-16F7-4668-BE54-9A1E7A4F7556}") = "03.Raiding", "03.Raiding\03.Raiding.csproj", "{01912297-8ECD-4BC4-9558-30DB6551C24E}"
EndProject
Project("{FAE04EC0-301F-11D3-BF4B-00C04F79EFBC}") = "4.WildFarm", "4.WildFarm\4.WildFarm.csproj", "{DA02A470-CC6D-4482-8E78-CE619EF76FE4}"
EndProject
Global
	GlobalSection(SolutionConfigurationPlatforms) = preSolution
		Debug|Any CPU = Debug|Any CPU
		Release|Any CPU = Release|Any CPU
	EndGlobalSection
	GlobalSection(ProjectConfigurationPlatforms) = postSolution
		{01912297-8ECD-4BC4-9558-30DB6551C24E}.Debug|Any CPU.ActiveCfg = Debug|Any CPU
		{01912297-8ECD-4BC4-9558-30DB6551C24E}.Debug|Any CPU.Build.0 = Debug|Any CPU
		{01912297-8ECD-4BC4-9558-30DB6551C24E}.Release|Any CPU.ActiveCfg = Release|Any CPU
		{01912297-8ECD-4BC4-9558-30DB6551C24E}.Release|Any CPU.Build.0 = Release|Any CPU
		{DA02A470-CC6D-4482-8E78-CE619EF76FE4}.Debug|Any CPU.ActiveCfg = Debug|Any CPU
		{DA02A470-CC6D-4482-8E78-CE619EF76FE4}.Debug|Any CPU.Build.0 = Debug|Any CPU
		{DA02A470-CC6D-4482-8E78-CE619EF76FE4}.Release|Any CPU.ActiveCfg = Release|Any CPU
		{DA02A470-CC6D-4482-8E78-CE619EF76FE4}.Release|Any CPU.Build.0 = Release|Any CPU
	EndGlobalSection
	GlobalSection(SolutionProperties) = preSolution
		HideSolutionNode = FALSE
	EndGlobalSection
	GlobalSection(ExtensibilityGlobals) = postSolution
		SolutionGuid = {527EAE44-5BD6-4E67-95CE-89707E027C26}
	EndGlobalSection
EndGlobal
