
Microsoft Visual Studio Solution File, Format Version 12.00
# Visual Studio Version 17
VisualStudioVersion = 17.8.34525.116
MinimumVisualStudioVersion = 10.0.40219.1
Project("{FAE04EC0-301F-11D3-BF4B-00C04F79EFBC}") = "TaskBoardApp", "TaskBoardApp.csproj", "{3D433891-58F2-4ECD-B2F9-A4F7D0378D24}"
EndProject
Global
	GlobalSection(SolutionConfigurationPlatforms) = preSolution
		Debug|Any CPU = Debug|Any CPU
		Release|Any CPU = Release|Any CPU
	EndGlobalSection
	GlobalSection(ProjectConfigurationPlatforms) = postSolution
		{3D433891-58F2-4ECD-B2F9-A4F7D0378D24}.Debug|Any CPU.ActiveCfg = Debug|Any CPU
		{3D433891-58F2-4ECD-B2F9-A4F7D0378D24}.Debug|Any CPU.Build.0 = Debug|Any CPU
		{3D433891-58F2-4ECD-B2F9-A4F7D0378D24}.Release|Any CPU.ActiveCfg = Release|Any CPU
		{3D433891-58F2-4ECD-B2F9-A4F7D0378D24}.Release|Any CPU.Build.0 = Release|Any CPU
	EndGlobalSection
	GlobalSection(SolutionProperties) = preSolution
		HideSolutionNode = FALSE
	EndGlobalSection
	GlobalSection(ExtensibilityGlobals) = postSolution
		SolutionGuid = {63B4F5CD-E50B-4719-8216-8E1C8DDA04E9}
	EndGlobalSection
EndGlobal
